
Microsoft Visual Studio Solution File, Format Version 12.00
# Visual Studio Version 17
VisualStudioVersion = 17.9.34728.123
MinimumVisualStudioVersion = 10.0.40219.1
Project("{FAE04EC0-301F-11D3-BF4B-00C04F79EFBC}") = "TeamcityTestApp", "TeamcityTestApp\TeamcityTestApp.csproj", "{C5C49549-5D81-4F3F-864B-16B665AB547E}"
EndProject
Global
	GlobalSection(SolutionConfigurationPlatforms) = preSolution
		Debug|Any CPU = Debug|Any CPU
		Release|Any CPU = Release|Any CPU
	EndGlobalSection
	GlobalSection(ProjectConfigurationPlatforms) = postSolution
		{C5C49549-5D81-4F3F-864B-16B665AB547E}.Debug|Any CPU.ActiveCfg = Debug|Any CPU
		{C5C49549-5D81-4F3F-864B-16B665AB547E}.Debug|Any CPU.Build.0 = Debug|Any CPU
		{C5C49549-5D81-4F3F-864B-16B665AB547E}.Release|Any CPU.ActiveCfg = Release|Any CPU
		{C5C49549-5D81-4F3F-864B-16B665AB547E}.Release|Any CPU.Build.0 = Release|Any CPU
	EndGlobalSection
	GlobalSection(SolutionProperties) = preSolution
		HideSolutionNode = FALSE
	EndGlobalSection
	GlobalSection(ExtensibilityGlobals) = postSolution
		SolutionGuid = {B5ACC99C-0660-4E29-9C4A-A8FA67605A7A}
	EndGlobalSection
EndGlobal
